// !$*UTF8*$!
{
	archiveVersion = 1;
	classes = {
	};
	objectVersion = 55;
	objects = {

/* Begin PBXBuildFile section */
		C6225050280EC0CE002F812F /* FruitsApp.swift in Sources */ = {isa = PBXBuildFile; fileRef = C622504F280EC0CE002F812F /* FruitsApp.swift */; };
		C6225052280EC0CE002F812F /* ContentView.swift in Sources */ = {isa = PBXBuildFile; fileRef = C6225051280EC0CE002F812F /* ContentView.swift */; };
		C6225054280EC0CE002F812F /* Assets.xcassets in Resources */ = {isa = PBXBuildFile; fileRef = C6225053280EC0CE002F812F /* Assets.xcassets */; };
		C6225057280EC0CE002F812F /* Preview Assets.xcassets in Resources */ = {isa = PBXBuildFile; fileRef = C6225056280EC0CE002F812F /* Preview Assets.xcassets */; };
		C6898541280EC4010089D95A /* FruitCardView.swift in Sources */ = {isa = PBXBuildFile; fileRef = C6898540280EC4010089D95A /* FruitCardView.swift */; };
		C6898543280EC8830089D95A /* StartButton.swift in Sources */ = {isa = PBXBuildFile; fileRef = C6898542280EC8830089D95A /* StartButton.swift */; };
		C6898545280ECA3E0089D95A /* OnboardingView.swift in Sources */ = {isa = PBXBuildFile; fileRef = C6898544280ECA3E0089D95A /* OnboardingView.swift */; };
		C6898548280ECBC30089D95A /* FruitModel.swift in Sources */ = {isa = PBXBuildFile; fileRef = C6898547280ECBC30089D95A /* FruitModel.swift */; };
		C689854A280ECC440089D95A /* FruitData.swift in Sources */ = {isa = PBXBuildFile; fileRef = C6898549280ECC440089D95A /* FruitData.swift */; };
		C69A55C62817E44700E76AE6 /* FruitListRow.swift in Sources */ = {isa = PBXBuildFile; fileRef = C69A55C52817E44700E76AE6 /* FruitListRow.swift */; };
		C69A55C82817E7FC00E76AE6 /* FruitDetailView.swift in Sources */ = {isa = PBXBuildFile; fileRef = C69A55C72817E7FC00E76AE6 /* FruitDetailView.swift */; };
		C69A55CA2817EAB700E76AE6 /* FruitHeaderView.swift in Sources */ = {isa = PBXBuildFile; fileRef = C69A55C92817EAB700E76AE6 /* FruitHeaderView.swift */; };
		C69A55CC2817EC8F00E76AE6 /* SourceLinkView.swift in Sources */ = {isa = PBXBuildFile; fileRef = C69A55CB2817EC8F00E76AE6 /* SourceLinkView.swift */; };
		C69A55CE2817EDB700E76AE6 /* FruitNutritionView.swift in Sources */ = {isa = PBXBuildFile; fileRef = C69A55CD2817EDB700E76AE6 /* FruitNutritionView.swift */; };
/* End PBXBuildFile section */

/* Begin PBXFileReference section */
		C622504C280EC0CE002F812F /* Fruits.app */ = {isa = PBXFileReference; explicitFileType = wrapper.application; includeInIndex = 0; path = Fruits.app; sourceTree = BUILT_PRODUCTS_DIR; };
		C622504F280EC0CE002F812F /* FruitsApp.swift */ = {isa = PBXFileReference; lastKnownFileType = sourcecode.swift; path = FruitsApp.swift; sourceTree = "<group>"; };
		C6225051280EC0CE002F812F /* ContentView.swift */ = {isa = PBXFileReference; lastKnownFileType = sourcecode.swift; path = ContentView.swift; sourceTree = "<group>"; };
		C6225053280EC0CE002F812F /* Assets.xcassets */ = {isa = PBXFileReference; lastKnownFileType = folder.assetcatalog; path = Assets.xcassets; sourceTree = "<group>"; };
		C6225056280EC0CE002F812F /* Preview Assets.xcassets */ = {isa = PBXFileReference; lastKnownFileType = folder.assetcatalog; path = "Preview Assets.xcassets"; sourceTree = "<group>"; };
		C6898540280EC4010089D95A /* FruitCardView.swift */ = {isa = PBXFileReference; lastKnownFileType = sourcecode.swift; path = FruitCardView.swift; sourceTree = "<group>"; };
		C6898542280EC8830089D95A /* StartButton.swift */ = {isa = PBXFileReference; lastKnownFileType = sourcecode.swift; path = StartButton.swift; sourceTree = "<group>"; };
		C6898544280ECA3E0089D95A /* OnboardingView.swift */ = {isa = PBXFileReference; lastKnownFileType = sourcecode.swift; path = OnboardingView.swift; sourceTree = "<group>"; };
		C6898547280ECBC30089D95A /* FruitModel.swift */ = {isa = PBXFileReference; lastKnownFileType = sourcecode.swift; path = FruitModel.swift; sourceTree = "<group>"; };
		C6898549280ECC440089D95A /* FruitData.swift */ = {isa = PBXFileReference; lastKnownFileType = sourcecode.swift; path = FruitData.swift; sourceTree = "<group>"; };
		C69A55C52817E44700E76AE6 /* FruitListRow.swift */ = {isa = PBXFileReference; lastKnownFileType = sourcecode.swift; path = FruitListRow.swift; sourceTree = "<group>"; };
		C69A55C72817E7FC00E76AE6 /* FruitDetailView.swift */ = {isa = PBXFileReference; lastKnownFileType = sourcecode.swift; path = FruitDetailView.swift; sourceTree = "<group>"; };
		C69A55C92817EAB700E76AE6 /* FruitHeaderView.swift */ = {isa = PBXFileReference; lastKnownFileType = sourcecode.swift; path = FruitHeaderView.swift; sourceTree = "<group>"; };
		C69A55CB2817EC8F00E76AE6 /* SourceLinkView.swift */ = {isa = PBXFileReference; lastKnownFileType = sourcecode.swift; path = SourceLinkView.swift; sourceTree = "<group>"; };
		C69A55CD2817EDB700E76AE6 /* FruitNutritionView.swift */ = {isa = PBXFileReference; lastKnownFileType = sourcecode.swift; path = FruitNutritionView.swift; sourceTree = "<group>"; };
/* End PBXFileReference section */

/* Begin PBXFrameworksBuildPhase section */
		C6225049280EC0CE002F812F /* Frameworks */ = {
			isa = PBXFrameworksBuildPhase;
			buildActionMask = 2147483647;
			files = (
			);
			runOnlyForDeploymentPostprocessing = 0;
		};
/* End PBXFrameworksBuildPhase section */

/* Begin PBXGroup section */
		C6225043280EC0CE002F812F = {
			isa = PBXGroup;
			children = (
				C622504E280EC0CE002F812F /* Fruits */,
				C622504D280EC0CE002F812F /* Products */,
			);
			sourceTree = "<group>";
		};
		C622504D280EC0CE002F812F /* Products */ = {
			isa = PBXGroup;
			children = (
				C622504C280EC0CE002F812F /* Fruits.app */,
			);
			name = Products;
			sourceTree = "<group>";
		};
		C622504E280EC0CE002F812F /* Fruits */ = {
			isa = PBXGroup;
			children = (
				C6898546280ECB7A0089D95A /* Model */,
				C689853E280EC3DF0089D95A /* Views */,
				C689853B280EC2760089D95A /* Data */,
				C689853F280EC3E90089D95A /* App */,
				C6225053280EC0CE002F812F /* Assets.xcassets */,
				C6225055280EC0CE002F812F /* Preview Content */,
			);
			path = Fruits;
			sourceTree = "<group>";
		};
		C6225055280EC0CE002F812F /* Preview Content */ = {
			isa = PBXGroup;
			children = (
				C6225056280EC0CE002F812F /* Preview Assets.xcassets */,
			);
			path = "Preview Content";
			sourceTree = "<group>";
		};
		C689853B280EC2760089D95A /* Data */ = {
			isa = PBXGroup;
			children = (
				C6898549280ECC440089D95A /* FruitData.swift */,
			);
			path = Data;
			sourceTree = "<group>";
		};
		C689853E280EC3DF0089D95A /* Views */ = {
			isa = PBXGroup;
			children = (
				C6898540280EC4010089D95A /* FruitCardView.swift */,
				C6898542280EC8830089D95A /* StartButton.swift */,
				C69A55C52817E44700E76AE6 /* FruitListRow.swift */,
				C69A55C92817EAB700E76AE6 /* FruitHeaderView.swift */,
				C69A55CB2817EC8F00E76AE6 /* SourceLinkView.swift */,
				C69A55CD2817EDB700E76AE6 /* FruitNutritionView.swift */,
			);
			path = Views;
			sourceTree = "<group>";
		};
		C689853F280EC3E90089D95A /* App */ = {
			isa = PBXGroup;
			children = (
				C622504F280EC0CE002F812F /* FruitsApp.swift */,
				C6225051280EC0CE002F812F /* ContentView.swift */,
				C6898544280ECA3E0089D95A /* OnboardingView.swift */,
				C69A55C72817E7FC00E76AE6 /* FruitDetailView.swift */,
			);
			path = App;
			sourceTree = "<group>";
		};
		C6898546280ECB7A0089D95A /* Model */ = {
			isa = PBXGroup;
			children = (
				C6898547280ECBC30089D95A /* FruitModel.swift */,
			);
			path = Model;
			sourceTree = "<group>";
		};
/* End PBXGroup section */

/* Begin PBXNativeTarget section */
		C622504B280EC0CE002F812F /* Fruits */ = {
			isa = PBXNativeTarget;
			buildConfigurationList = C622505A280EC0CE002F812F /* Build configuration list for PBXNativeTarget "Fruits" */;
			buildPhases = (
				C6225048280EC0CE002F812F /* Sources */,
				C6225049280EC0CE002F812F /* Frameworks */,
				C622504A280EC0CE002F812F /* Resources */,
			);
			buildRules = (
			);
			dependencies = (
			);
			name = Fruits;
			productName = Fruits;
			productReference = C622504C280EC0CE002F812F /* Fruits.app */;
			productType = "com.apple.product-type.application";
		};
/* End PBXNativeTarget section */

/* Begin PBXProject section */
		C6225044280EC0CE002F812F /* Project object */ = {
			isa = PBXProject;
			attributes = {
				BuildIndependentTargetsInParallel = 1;
				LastSwiftUpdateCheck = 1330;
				LastUpgradeCheck = 1330;
				TargetAttributes = {
					C622504B280EC0CE002F812F = {
						CreatedOnToolsVersion = 13.3;
					};
				};
			};
			buildConfigurationList = C6225047280EC0CE002F812F /* Build configuration list for PBXProject "Fruits" */;
			compatibilityVersion = "Xcode 13.0";
			developmentRegion = en;
			hasScannedForEncodings = 0;
			knownRegions = (
				en,
				Base,
			);
			mainGroup = C6225043280EC0CE002F812F;
			productRefGroup = C622504D280EC0CE002F812F /* Products */;
			projectDirPath = "";
			projectRoot = "";
			targets = (
				C622504B280EC0CE002F812F /* Fruits */,
			);
		};
/* End PBXProject section */

/* Begin PBXResourcesBuildPhase section */
		C622504A280EC0CE002F812F /* Resources */ = {
			isa = PBXResourcesBuildPhase;
			buildActionMask = 2147483647;
			files = (
				C6225057280EC0CE002F812F /* Preview Assets.xcassets in Resources */,
				C6225054280EC0CE002F812F /* Assets.xcassets in Resources */,
			);
			runOnlyForDeploymentPostprocessing = 0;
		};
/* End PBXResourcesBuildPhase section */

/* Begin PBXSourcesBuildPhase section */
		C6225048280EC0CE002F812F /* Sources */ = {
			isa = PBXSourcesBuildPhase;
			buildActionMask = 2147483647;
			files = (
				C69A55CE2817EDB700E76AE6 /* FruitNutritionView.swift in Sources */,
				C689854A280ECC440089D95A /* FruitData.swift in Sources */,
				C69A55CC2817EC8F00E76AE6 /* SourceLinkView.swift in Sources */,
				C6898541280EC4010089D95A /* FruitCardView.swift in Sources */,
				C6225052280EC0CE002F812F /* ContentView.swift in Sources */,
				C69A55C62817E44700E76AE6 /* FruitListRow.swift in Sources */,
				C69A55C82817E7FC00E76AE6 /* FruitDetailView.swift in Sources */,
				C6898543280EC8830089D95A /* StartButton.swift in Sources */,
				C69A55CA2817EAB700E76AE6 /* FruitHeaderView.swift in Sources */,
				C6898545280ECA3E0089D95A /* OnboardingView.swift in Sources */,
				C6898548280ECBC30089D95A /* FruitModel.swift in Sources */,
				C6225050280EC0CE002F812F /* FruitsApp.swift in Sources */,
			);
			runOnlyForDeploymentPostprocessing = 0;
		};
/* End PBXSourcesBuildPhase section */

/* Begin XCBuildConfiguration section */
		C6225058280EC0CE002F812F /* Debug */ = {
			isa = XCBuildConfiguration;
			buildSettings = {
				ALWAYS_SEARCH_USER_PATHS = NO;
				CLANG_ANALYZER_NONNULL = YES;
				CLANG_ANALYZER_NUMBER_OBJECT_CONVERSION = YES_AGGRESSIVE;
				CLANG_CXX_LANGUAGE_STANDARD = "gnu++17";
				CLANG_ENABLE_MODULES = YES;
				CLANG_ENABLE_OBJC_ARC = YES;
				CLANG_ENABLE_OBJC_WEAK = YES;
				CLANG_WARN_BLOCK_CAPTURE_AUTORELEASING = YES;
				CLANG_WARN_BOOL_CONVERSION = YES;
				CLANG_WARN_COMMA = YES;
				CLANG_WARN_CONSTANT_CONVERSION = YES;
				CLANG_WARN_DEPRECATED_OBJC_IMPLEMENTATIONS = YES;
				CLANG_WARN_DIRECT_OBJC_ISA_USAGE = YES_ERROR;
				CLANG_WARN_DOCUMENTATION_COMMENTS = YES;
				CLANG_WARN_EMPTY_BODY = YES;
				CLANG_WARN_ENUM_CONVERSION = YES;
				CLANG_WARN_INFINITE_RECURSION = YES;
				CLANG_WARN_INT_CONVERSION = YES;
				CLANG_WARN_NON_LITERAL_NULL_CONVERSION = YES;
				CLANG_WARN_OBJC_IMPLICIT_RETAIN_SELF = YES;
				CLANG_WARN_OBJC_LITERAL_CONVERSION = YES;
				CLANG_WARN_OBJC_ROOT_CLASS = YES_ERROR;
				CLANG_WARN_QUOTED_INCLUDE_IN_FRAMEWORK_HEADER = YES;
				CLANG_WARN_RANGE_LOOP_ANALYSIS = YES;
				CLANG_WARN_STRICT_PROTOTYPES = YES;
				CLANG_WARN_SUSPICIOUS_MOVE = YES;
				CLANG_WARN_UNGUARDED_AVAILABILITY = YES_AGGRESSIVE;
				CLANG_WARN_UNREACHABLE_CODE = YES;
				CLANG_WARN__DUPLICATE_METHOD_MATCH = YES;
				COPY_PHASE_STRIP = NO;
				DEBUG_INFORMATION_FORMAT = dwarf;
				ENABLE_STRICT_OBJC_MSGSEND = YES;
				ENABLE_TESTABILITY = YES;
				GCC_C_LANGUAGE_STANDARD = gnu11;
				GCC_DYNAMIC_NO_PIC = NO;
				GCC_NO_COMMON_BLOCKS = YES;
				GCC_OPTIMIZATION_LEVEL = 0;
				GCC_PREPROCESSOR_DEFINITIONS = (
					"DEBUG=1",
					"$(inherited)",
				);
				GCC_WARN_64_TO_32_BIT_CONVERSION = YES;
				GCC_WARN_ABOUT_RETURN_TYPE = YES_ERROR;
				GCC_WARN_UNDECLARED_SELECTOR = YES;
				GCC_WARN_UNINITIALIZED_AUTOS = YES_AGGRESSIVE;
				GCC_WARN_UNUSED_FUNCTION = YES;
				GCC_WARN_UNUSED_VARIABLE = YES;
				IPHONEOS_DEPLOYMENT_TARGET = 15.4;
				MTL_ENABLE_DEBUG_INFO = INCLUDE_SOURCE;
				MTL_FAST_MATH = YES;
				ONLY_ACTIVE_ARCH = YES;
				SDKROOT = iphoneos;
				SWIFT_ACTIVE_COMPILATION_CONDITIONS = DEBUG;
				SWIFT_OPTIMIZATION_LEVEL = "-Onone";
			};
			name = Debug;
		};
		C6225059280EC0CE002F812F /* Release */ = {
			isa = XCBuildConfiguration;
			buildSettings = {
				ALWAYS_SEARCH_USER_PATHS = NO;
				CLANG_ANALYZER_NONNULL = YES;
				CLANG_ANALYZER_NUMBER_OBJECT_CONVERSION = YES_AGGRESSIVE;
				CLANG_CXX_LANGUAGE_STANDARD = "gnu++17";
				CLANG_ENABLE_MODULES = YES;
				CLANG_ENABLE_OBJC_ARC = YES;
				CLANG_ENABLE_OBJC_WEAK = YES;
				CLANG_WARN_BLOCK_CAPTURE_AUTORELEASING = YES;
				CLANG_WARN_BOOL_CONVERSION = YES;
				CLANG_WARN_COMMA = YES;
				CLANG_WARN_CONSTANT_CONVERSION = YES;
				CLANG_WARN_DEPRECATED_OBJC_IMPLEMENTATIONS = YES;
				CLANG_WARN_DIRECT_OBJC_ISA_USAGE = YES_ERROR;
				CLANG_WARN_DOCUMENTATION_COMMENTS = YES;
				CLANG_WARN_EMPTY_BODY = YES;
				CLANG_WARN_ENUM_CONVERSION = YES;
				CLANG_WARN_INFINITE_RECURSION = YES;
				CLANG_WARN_INT_CONVERSION = YES;
				CLANG_WARN_NON_LITERAL_NULL_CONVERSION = YES;
				CLANG_WARN_OBJC_IMPLICIT_RETAIN_SELF = YES;
				CLANG_WARN_OBJC_LITERAL_CONVERSION = YES;
				CLANG_WARN_OBJC_ROOT_CLASS = YES_ERROR;
				CLANG_WARN_QUOTED_INCLUDE_IN_FRAMEWORK_HEADER = YES;
				CLANG_WARN_RANGE_LOOP_ANALYSIS = YES;
				CLANG_WARN_STRICT_PROTOTYPES = YES;
				CLANG_WARN_SUSPICIOUS_MOVE = YES;
				CLANG_WARN_UNGUARDED_AVAILABILITY = YES_AGGRESSIVE;
				CLANG_WARN_UNREACHABLE_CODE = YES;
				CLANG_WARN__DUPLICATE_METHOD_MATCH = YES;
				COPY_PHASE_STRIP = NO;
				DEBUG_INFORMATION_FORMAT = "dwarf-with-dsym";
				ENABLE_NS_ASSERTIONS = NO;
				ENABLE_STRICT_OBJC_MSGSEND = YES;
				GCC_C_LANGUAGE_STANDARD = gnu11;
				GCC_NO_COMMON_BLOCKS = YES;
				GCC_WARN_64_TO_32_BIT_CONVERSION = YES;
				GCC_WARN_ABOUT_RETURN_TYPE = YES_ERROR;
				GCC_WARN_UNDECLARED_SELECTOR = YES;
				GCC_WARN_UNINITIALIZED_AUTOS = YES_AGGRESSIVE;
				GCC_WARN_UNUSED_FUNCTION = YES;
				GCC_WARN_UNUSED_VARIABLE = YES;
				IPHONEOS_DEPLOYMENT_TARGET = 15.4;
				MTL_ENABLE_DEBUG_INFO = NO;
				MTL_FAST_MATH = YES;
				SDKROOT = iphoneos;
				SWIFT_COMPILATION_MODE = wholemodule;
				SWIFT_OPTIMIZATION_LEVEL = "-O";
				VALIDATE_PRODUCT = YES;
			};
			name = Release;
		};
		C622505B280EC0CE002F812F /* Debug */ = {
			isa = XCBuildConfiguration;
			buildSettings = {
				ASSETCATALOG_COMPILER_APPICON_NAME = AppIcon;
				ASSETCATALOG_COMPILER_GLOBAL_ACCENT_COLOR_NAME = AccentColor;
				CODE_SIGN_STYLE = Automatic;
				CURRENT_PROJECT_VERSION = 1;
				DEVELOPMENT_ASSET_PATHS = "\"Fruits/Preview Content\"";
				ENABLE_PREVIEWS = YES;
				GENERATE_INFOPLIST_FILE = YES;
				INFOPLIST_KEY_UIApplicationSceneManifest_Generation = YES;
				INFOPLIST_KEY_UIApplicationSupportsIndirectInputEvents = YES;
				INFOPLIST_KEY_UILaunchScreen_Generation = YES;
				INFOPLIST_KEY_UISupportedInterfaceOrientations = UIInterfaceOrientationPortrait;
				INFOPLIST_KEY_UISupportedInterfaceOrientations_iPad = "UIInterfaceOrientationPortrait UIInterfaceOrientationPortraitUpsideDown UIInterfaceOrientationLandscapeLeft UIInterfaceOrientationLandscapeRight";
				INFOPLIST_KEY_UISupportedInterfaceOrientations_iPhone = "UIInterfaceOrientationPortrait UIInterfaceOrientationLandscapeLeft UIInterfaceOrientationLandscapeRight";
				LD_RUNPATH_SEARCH_PATHS = (
					"$(inherited)",
					"@executable_path/Frameworks",
				);
				MARKETING_VERSION = 1.0;
				PRODUCT_BUNDLE_IDENTIFIER = com.swiftui.practice.Fruits;
				PRODUCT_NAME = "$(TARGET_NAME)";
				SWIFT_EMIT_LOC_STRINGS = YES;
				SWIFT_VERSION = 5.0;
				TARGETED_DEVICE_FAMILY = "1,2";
			};
			name = Debug;
		};
		C622505C280EC0CE002F812F /* Release */ = {
			isa = XCBuildConfiguration;
			buildSettings = {
				ASSETCATALOG_COMPILER_APPICON_NAME = AppIcon;
				ASSETCATALOG_COMPILER_GLOBAL_ACCENT_COLOR_NAME = AccentColor;
				CODE_SIGN_STYLE = Automatic;
				CURRENT_PROJECT_VERSION = 1;
				DEVELOPMENT_ASSET_PATHS = "\"Fruits/Preview Content\"";
				ENABLE_PREVIEWS = YES;
				GENERATE_INFOPLIST_FILE = YES;
				INFOPLIST_KEY_UIApplicationSceneManifest_Generation = YES;
				INFOPLIST_KEY_UIApplicationSupportsIndirectInputEvents = YES;
				INFOPLIST_KEY_UILaunchScreen_Generation = YES;
				INFOPLIST_KEY_UISupportedInterfaceOrientations = UIInterfaceOrientationPortrait;
				INFOPLIST_KEY_UISupportedInterfaceOrientations_iPad = "UIInterfaceOrientationPortrait UIInterfaceOrientationPortraitUpsideDown UIInterfaceOrientationLandscapeLeft UIInterfaceOrientationLandscapeRight";
				INFOPLIST_KEY_UISupportedInterfaceOrientations_iPhone = "UIInterfaceOrientationPortrait UIInterfaceOrientationLandscapeLeft UIInterfaceOrientationLandscapeRight";
				LD_RUNPATH_SEARCH_PATHS = (
					"$(inherited)",
					"@executable_path/Frameworks",
				);
				MARKETING_VERSION = 1.0;
				PRODUCT_BUNDLE_IDENTIFIER = com.swiftui.practice.Fruits;
				PRODUCT_NAME = "$(TARGET_NAME)";
				SWIFT_EMIT_LOC_STRINGS = YES;
				SWIFT_VERSION = 5.0;
				TARGETED_DEVICE_FAMILY = "1,2";
			};
			name = Release;
		};
/* End XCBuildConfiguration section */

/* Begin XCConfigurationList section */
		C6225047280EC0CE002F812F /* Build configuration list for PBXProject "Fruits" */ = {
			isa = XCConfigurationList;
			buildConfigurations = (
				C6225058280EC0CE002F812F /* Debug */,
				C6225059280EC0CE002F812F /* Release */,
			);
			defaultConfigurationIsVisible = 0;
			defaultConfigurationName = Release;
		};
		C622505A280EC0CE002F812F /* Build configuration list for PBXNativeTarget "Fruits" */ = {
			isa = XCConfigurationList;
			buildConfigurations = (
				C622505B280EC0CE002F812F /* Debug */,
				C622505C280EC0CE002F812F /* Release */,
			);
			defaultConfigurationIsVisible = 0;
			defaultConfigurationName = Release;
		};
/* End XCConfigurationList section */
	};
	rootObject = C6225044280EC0CE002F812F /* Project object */;
}
